{
  "name": "aomei-mes-web",
  "lockfileVersion": 3,
  "requires": true,
  "packages": {
    "": {
      "dependencies": {
        "vue2-scale-box": "^0.1.7"
      }
    },
    "node_modules/vue2-scale-box": {
      "version": "0.1.7",
      "resolved": "https://registry.npmmirror.com/vue2-scale-box/-/vue2-scale-box-0.1.7.tgz",
      "integrity": "sha512-mI/eEaBg5+9Op8i7sHBPEWnxRC744xBZnl4lf6yF+2ShhURTunipWz7dMcJ0nhgZ1jK+I4rv2BF1oK+0K7CmlA==",
      "license": "MIT"
    }
  }
}
